
Microsoft Visual Studio Solution File, Format Version 12.00
# Visual Studio Version 17
VisualStudioVersion = 17.7.34031.279
MinimumVisualStudioVersion = 10.0.40219.1
Project("{9A19103F-16F7-4668-BE54-9A1E7A4F7556}") = "Myschedule+", "Myschedule+.csproj", "{921ACFB4-EC45-486A-BEB8-0FA53CC039CF}"
EndProject
Project("{2150E333-8FDC-42A3-9474-1A3956D46DE8}") = "Solution Items", "Solution Items", "{748CA883-9A95-4AFE-A4A8-032E79888B95}"
	ProjectSection(SolutionItems) = preProject
		accountController.cs = accountController.cs
	EndProjectSection
EndProject
Global
	GlobalSection(SolutionConfigurationPlatforms) = preSolution
		Debug|Any CPU = Debug|Any CPU
		Release|Any CPU = Release|Any CPU
	EndGlobalSection
	GlobalSection(ProjectConfigurationPlatforms) = postSolution
		{921ACFB4-EC45-486A-BEB8-0FA53CC039CF}.Debug|Any CPU.ActiveCfg = Debug|Any CPU
		{921ACFB4-EC45-486A-BEB8-0FA53CC039CF}.Debug|Any CPU.Build.0 = Debug|Any CPU
		{921ACFB4-EC45-486A-BEB8-0FA53CC039CF}.Release|Any CPU.ActiveCfg = Release|Any CPU
		{921ACFB4-EC45-486A-BEB8-0FA53CC039CF}.Release|Any CPU.Build.0 = Release|Any CPU
	EndGlobalSection
	GlobalSection(SolutionProperties) = preSolution
		HideSolutionNode = FALSE
	EndGlobalSection
	GlobalSection(ExtensibilityGlobals) = postSolution
		SolutionGuid = {7E59AB0F-014D-433E-B661-73F9F3C2B09B}
	EndGlobalSection
EndGlobal
